Microsoft Visual Studio Solution File, Format Version 11.00
# Visual Studio 2008

Project("{7FFB183C-F595-A749-18C1-F37DC938F37B}") = "Fractal Gallery VR", "Assembly-CSharp.csproj", "{BE668B01-D2AA-BB68-9799-88018316AE04}"
EndProject
Project("{7FFB183C-F595-A749-18C1-F37DC938F37B}") = "Fractal Gallery VR", "Assembly-CSharp-Editor.csproj", "{2BC6A15B-1258-EF09-B3D6-2323447EAF5E}"
EndProject
Global
	GlobalSection(SolutionConfigurationPlatforms) = preSolution
		Debug|Any CPU = Debug|Any CPU
		Release|Any CPU = Release|Any CPU
	EndGlobalSection
	GlobalSection(ProjectConfigurationPlatforms) = postSolution
		{BE668B01-D2AA-BB68-9799-88018316AE04}.Debug|Any CPU.ActiveCfg = Debug|Any CPU
		{BE668B01-D2AA-BB68-9799-88018316AE04}.Debug|Any CPU.Build.0 = Debug|Any CPU
		{BE668B01-D2AA-BB68-9799-88018316AE04}.Release|Any CPU.ActiveCfg = Release|Any CPU
		{BE668B01-D2AA-BB68-9799-88018316AE04}.Release|Any CPU.Build.0 = Release|Any CPU
		{2BC6A15B-1258-EF09-B3D6-2323447EAF5E}.Debug|Any CPU.ActiveCfg = Debug|Any CPU
		{2BC6A15B-1258-EF09-B3D6-2323447EAF5E}.Debug|Any CPU.Build.0 = Debug|Any CPU
		{2BC6A15B-1258-EF09-B3D6-2323447EAF5E}.Release|Any CPU.ActiveCfg = Release|Any CPU
		{2BC6A15B-1258-EF09-B3D6-2323447EAF5E}.Release|Any CPU.Build.0 = Release|Any CPU
	EndGlobalSection
	GlobalSection(SolutionProperties) = preSolution
		HideSolutionNode = FALSE
	EndGlobalSection
	GlobalSection(MonoDevelopProperties) = preSolution
		StartupItem = Assembly-CSharp.csproj
	EndGlobalSection
EndGlobal
